# 由 demos/setup.sh 產生。要換版本就刪掉對應那一行再重跑。
MATPLOTLIB_VERSION=3.10.9
MLX_AUDIO_VERSION=0.5.4
MLX_LM_COMMIT=872ae88d1fac77350db23c8c04fe8dd372a9e3e8
MLX_VERSION=0.32.2
MOSHI_MLX_VERSION=0.3.0
NUMPY_VERSION=2.4.4
ONNX_VERSION=1.23.1
PYTHON_VERSION=3.12
PYWHISPERCPP_VERSION=1.5.1
SCIPY_VERSION=1.17.1
SHERPA_ONNX_VERSION=1.13.8
SOUNDDEVICE_VERSION=0.5.6
SOUNDFILE_VERSION=0.14.0
TORCHAUDIO_VERSION=2.11.0
TORCH_VERSION=2.14.0
TRANSFORMERS_VERSION=5.17.0
